
Microsoft Visual Studio Solution File, Format Version 12.00
# Visual Studio 2013
VisualStudioVersion = 12.0.21005.1
MinimumVisualStudioVersion = 10.0.40219.1
Project("{FAE04EC0-301F-11D3-BF4B-00C04F79EFBC}") = "CsvToExcel", "CsvToExcel\CsvToExcel.csproj", "{11118988-1D69-4151-BE42-7687AE9EA0B9}"
EndProject
Project("{FAE04EC0-301F-11D3-BF4B-00C04F79EFBC}") = "Profile", "ProfileSource\Profile.csproj", "{F8DE8838-3350-4F1C-9B43-50DFE42DB6A8}"
EndProject
Global
	GlobalSection(SolutionConfigurationPlatforms) = preSolution
		Debug|Any CPU = Debug|Any CPU
		Release|Any CPU = Release|Any CPU
	EndGlobalSection
	GlobalSection(ProjectConfigurationPlatforms) = postSolution
		{11118988-1D69-4151-BE42-7687AE9EA0B9}.Debug|Any CPU.ActiveCfg = Debug|Any CPU
		{11118988-1D69-4151-BE42-7687AE9EA0B9}.Debug|Any CPU.Build.0 = Debug|Any CPU
		{11118988-1D69-4151-BE42-7687AE9EA0B9}.Release|Any CPU.ActiveCfg = Release|Any CPU
		{11118988-1D69-4151-BE42-7687AE9EA0B9}.Release|Any CPU.Build.0 = Release|Any CPU
		{F8DE8838-3350-4F1C-9B43-50DFE42DB6A8}.Debug|Any CPU.ActiveCfg = Debug|Any CPU
		{F8DE8838-3350-4F1C-9B43-50DFE42DB6A8}.Debug|Any CPU.Build.0 = Debug|Any CPU
		{F8DE8838-3350-4F1C-9B43-50DFE42DB6A8}.Release|Any CPU.ActiveCfg = Release|Any CPU
		{F8DE8838-3350-4F1C-9B43-50DFE42DB6A8}.Release|Any CPU.Build.0 = Release|Any CPU
	EndGlobalSection
	GlobalSection(SolutionProperties) = preSolution
		HideSolutionNode = FALSE
	EndGlobalSection
EndGlobal
